{
    "_readme": [
        "This file locks the dependencies of your project to a known state",
        "Read more about it at https://getcomposer.org/doc/01-basic-usage.md#installing-dependencies",
        "This file is @generated automatically"
    ],
    "content-hash": "b5bcef9f1d58127ad4f3fa9e6cff6478",
    "packages": [
        {
            "name": "consolidation/version-tool",
            "version": "0.1.8",
            "source": {
                "type": "git",
                "url": "https://github.com/consolidation/version-tool.git",
                "reference": "62a54ce9113ccc147421d568af71c166502f26c4"
            },
            "dist": {
                "type": "zip",
                "url": "https://api.github.com/repos/consolidation/version-tool/zipball/62a54ce9113ccc147421d568af71c166502f26c4",
                "reference": "62a54ce9113ccc147421d568af71c166502f26c4",
                "shasum": ""
            },
            "require": {
                "php": ">=7.1"
            },
            "require-dev": {
                "consolidation/robo": "^1.3",
                "g1a/composer-test-scenarios": "^2",
                "knplabs/github-api": "^2.7",
                "php-http/guzzle6-adapter": "^1.1",
                "phpunit/phpunit": "^6",
                "satooshi/php-coveralls": "^2",
                "squizlabs/php_codesniffer": "^2.8"
            },
            "type": "library",
            "extra": {
                "branch-alias": {
                    "dev-master": "1.x-dev"
                }
            },
            "autoload": {
                "psr-4": {
                    "VersionTool\\": "src"
                }
            },
            "notification-url": "https://packagist.org/downloads/",
            "license": [
                "MIT"
            ],
            "authors": [
                {
                    "name": "Greg Anderson",
                    "email": "greg.1.anderson@greenknowe.org"
                }
            ],
            "description": "Template project for PHP libraries.",
            "time": "2018-12-12T23:58:56+00:00"
        }
    ],
    "packages-dev": [],
    "aliases": [],
    "minimum-stability": "stable",
    "stability-flags": [],
    "prefer-stable": false,
    "prefer-lowest": false,
    "platform": [],
    "platform-dev": []
}
